<Solution>
  <Folder Name="/EasyLog/">
    <Project Path="EasyLog/EasyLog.csproj" />
  </Folder>
  <Folder Name="/LogServer/">
    <Project Path="LogServer/LogServer.csproj" />
  </Folder>
  <Project Path="EasySaveProject.Tests/EasySaveProject.Tests.csproj" />
  <Project Path="EasySaveProject/EasySaveProject.csproj" />
</Solution>
